// !$*UTF8*$!
{
	archiveVersion = 1;
	classes = {
	};
	objectVersion = 50;
	objects = {

/* Begin PBXBuildFile section */
		D264E4DF21F2E5C8000FED84 /* AppDelegate.swift in Sources */ = {isa = PBXBuildFile; fileRef = D264E4DE21F2E5C8000FED84 /* AppDelegate.swift */; };
		D264E4E121F2E5C8000FED84 /* ViewController.swift in Sources */ = {isa = PBXBuildFile; fileRef = D264E4E021F2E5C8000FED84 /* ViewController.swift */; };
		D264E4E421F2E5C8000FED84 /* Main.storyboard in Resources */ = {isa = PBXBuildFile; fileRef = D264E4E221F2E5C8000FED84 /* Main.storyboard */; };
		D264E4E621F2E5C9000FED84 /* Assets.xcassets in Resources */ = {isa = PBXBuildFile; fileRef = D264E4E521F2E5C9000FED84 /* Assets.xcassets */; };
		D264E4E921F2E5C9000FED84 /* LaunchScreen.storyboard in Resources */ = {isa = PBXBuildFile; fileRef = D264E4E721F2E5C9000FED84 /* LaunchScreen.storyboard */; };
		D264E4F421F2E5C9000FED84 /* CycleScrollViewTests.swift in Sources */ = {isa = PBXBuildFile; fileRef = D264E4F321F2E5C9000FED84 /* CycleScrollViewTests.swift */; };
		D264E4FF21F2E5C9000FED84 /* CycleScrollViewUITests.swift in Sources */ = {isa = PBXBuildFile; fileRef = D264E4FE21F2E5C9000FED84 /* CycleScrollViewUITests.swift */; };
		D264E51121F2EC23000FED84 /* CycleScrollViewOptions.swift in Sources */ = {isa = PBXBuildFile; fileRef = D264E50D21F2EC23000FED84 /* CycleScrollViewOptions.swift */; };
		D264E51221F2EC23000FED84 /* CycleCollectionViewCell.swift in Sources */ = {isa = PBXBuildFile; fileRef = D264E50F21F2EC23000FED84 /* CycleCollectionViewCell.swift */; };
		D264E51321F2EC23000FED84 /* CycleScrollView.swift in Sources */ = {isa = PBXBuildFile; fileRef = D264E51021F2EC23000FED84 /* CycleScrollView.swift */; };
		D264E52121F2EC96000FED84 /* UIImageView+Extension.swift in Sources */ = {isa = PBXBuildFile; fileRef = D264E51521F2EC96000FED84 /* UIImageView+Extension.swift */; };
		D264E52221F2EC96000FED84 /* UIDevice+Extension.swift in Sources */ = {isa = PBXBuildFile; fileRef = D264E51621F2EC96000FED84 /* UIDevice+Extension.swift */; };
		D264E52321F2EC96000FED84 /* UIColor+Extension.swift in Sources */ = {isa = PBXBuildFile; fileRef = D264E51721F2EC96000FED84 /* UIColor+Extension.swift */; };
		D264E52421F2EC96000FED84 /* UILabel+Extension.swift in Sources */ = {isa = PBXBuildFile; fileRef = D264E51821F2EC96000FED84 /* UILabel+Extension.swift */; };
		D264E52521F2EC96000FED84 /* UIButton+Extension.swift in Sources */ = {isa = PBXBuildFile; fileRef = D264E51921F2EC96000FED84 /* UIButton+Extension.swift */; };
		D264E52621F2EC96000FED84 /* UIView+Extension.swift in Sources */ = {isa = PBXBuildFile; fileRef = D264E51A21F2EC96000FED84 /* UIView+Extension.swift */; };
		D264E52721F2EC96000FED84 /* UIImage+Extension.swift in Sources */ = {isa = PBXBuildFile; fileRef = D264E51B21F2EC96000FED84 /* UIImage+Extension.swift */; };
		D264E52921F2EC96000FED84 /* String+Extension.swift in Sources */ = {isa = PBXBuildFile; fileRef = D264E51D21F2EC96000FED84 /* String+Extension.swift */; };
		D264E52A21F2EC96000FED84 /* UIScrollView+Extension.swift in Sources */ = {isa = PBXBuildFile; fileRef = D264E51E21F2EC96000FED84 /* UIScrollView+Extension.swift */; };
		D264E52B21F2EC96000FED84 /* UITextField+Extension.swift in Sources */ = {isa = PBXBuildFile; fileRef = D264E51F21F2EC96000FED84 /* UITextField+Extension.swift */; };
		D264E52C21F2EC96000FED84 /* Array+Extension.swift in Sources */ = {isa = PBXBuildFile; fileRef = D264E52021F2EC96000FED84 /* Array+Extension.swift */; };
		D264E53721F2FB32000FED84 /* Macros.swift in Sources */ = {isa = PBXBuildFile; fileRef = D264E53621F2FB32000FED84 /* Macros.swift */; };
		D264E53921F319B0000FED84 /* Untitled.gif in Resources */ = {isa = PBXBuildFile; fileRef = D264E53821F319B0000FED84 /* Untitled.gif */; };
		FA8B28D4388B165DD572A681 /* libPods-CycleScrollView.a in Frameworks */ = {isa = PBXBuildFile; fileRef = 95D9778FA78768C0A1318753 /* libPods-CycleScrollView.a */; };
/* End PBXBuildFile section */

/* Begin PBXContainerItemProxy section */
		D264E4F021F2E5C9000FED84 /* PBXContainerItemProxy */ = {
			isa = PBXContainerItemProxy;
			containerPortal = D264E4D321F2E5C8000FED84 /* Project object */;
			proxyType = 1;
			remoteGlobalIDString = D264E4DA21F2E5C8000FED84;
			remoteInfo = CycleScrollView;
		};
		D264E4FB21F2E5C9000FED84 /* PBXContainerItemProxy */ = {
			isa = PBXContainerItemProxy;
			containerPortal = D264E4D321F2E5C8000FED84 /* Project object */;
			proxyType = 1;
			remoteGlobalIDString = D264E4DA21F2E5C8000FED84;
			remoteInfo = CycleScrollView;
		};
/* End PBXContainerItemProxy section */

/* Begin PBXFileReference section */
		4709F704C01BB33C5F1FE44E /* Pods-CycleScrollView.release.xcconfig */ = {isa = PBXFileReference; includeInIndex = 1; lastKnownFileType = text.xcconfig; name = "Pods-CycleScrollView.release.xcconfig"; path = "Pods/Target Support Files/Pods-CycleScrollView/Pods-CycleScrollView.release.xcconfig"; sourceTree = "<group>"; };
		49444C356A827E75CE6AD784 /* Pods-CycleScrollView.debug.xcconfig */ = {isa = PBXFileReference; includeInIndex = 1; lastKnownFileType = text.xcconfig; name = "Pods-CycleScrollView.debug.xcconfig"; path = "Pods/Target Support Files/Pods-CycleScrollView/Pods-CycleScrollView.debug.xcconfig"; sourceTree = "<group>"; };
		95D9778FA78768C0A1318753 /* libPods-CycleScrollView.a */ = {isa = PBXFileReference; explicitFileType = archive.ar; includeInIndex = 0; path = "libPods-CycleScrollView.a"; sourceTree = BUILT_PRODUCTS_DIR; };
		D264E4DB21F2E5C8000FED84 /* CycleScrollView.app */ = {isa = PBXFileReference; explicitFileType = wrapper.application; includeInIndex = 0; path = CycleScrollView.app; sourceTree = BUILT_PRODUCTS_DIR; };
		D264E4DE21F2E5C8000FED84 /* AppDelegate.swift */ = {isa = PBXFileReference; lastKnownFileType = sourcecode.swift; path = AppDelegate.swift; sourceTree = "<group>"; };
		D264E4E021F2E5C8000FED84 /* ViewController.swift */ = {isa = PBXFileReference; lastKnownFileType = sourcecode.swift; path = ViewController.swift; sourceTree = "<group>"; };
		D264E4E321F2E5C8000FED84 /* Base */ = {isa = PBXFileReference; lastKnownFileType = file.storyboard; name = Base; path = Base.lproj/Main.storyboard; sourceTree = "<group>"; };
		D264E4E521F2E5C9000FED84 /* Assets.xcassets */ = {isa = PBXFileReference; lastKnownFileType = folder.assetcatalog; path = Assets.xcassets; sourceTree = "<group>"; };
		D264E4E821F2E5C9000FED84 /* Base */ = {isa = PBXFileReference; lastKnownFileType = file.storyboard; name = Base; path = Base.lproj/LaunchScreen.storyboard; sourceTree = "<group>"; };
		D264E4EA21F2E5C9000FED84 /* Info.plist */ = {isa = PBXFileReference; lastKnownFileType = text.plist.xml; path = Info.plist; sourceTree = "<group>"; };
		D264E4EF21F2E5C9000FED84 /* CycleScrollViewTests.xctest */ = {isa = PBXFileReference; explicitFileType = wrapper.cfbundle; includeInIndex = 0; path = CycleScrollViewTests.xctest; sourceTree = BUILT_PRODUCTS_DIR; };
		D264E4F321F2E5C9000FED84 /* CycleScrollViewTests.swift */ = {isa = PBXFileReference; lastKnownFileType = sourcecode.swift; path = CycleScrollViewTests.swift; sourceTree = "<group>"; };
		D264E4F521F2E5C9000FED84 /* Info.plist */ = {isa = PBXFileReference; lastKnownFileType = text.plist.xml; path = Info.plist; sourceTree = "<group>"; };
		D264E4FA21F2E5C9000FED84 /* CycleScrollViewUITests.xctest */ = {isa = PBXFileReference; explicitFileType = wrapper.cfbundle; includeInIndex = 0; path = CycleScrollViewUITests.xctest; sourceTree = BUILT_PRODUCTS_DIR; };
		D264E4FE21F2E5C9000FED84 /* CycleScrollViewUITests.swift */ = {isa = PBXFileReference; lastKnownFileType = sourcecode.swift; path = CycleScrollViewUITests.swift; sourceTree = "<group>"; };
		D264E50021F2E5C9000FED84 /* Info.plist */ = {isa = PBXFileReference; lastKnownFileType = text.plist.xml; path = Info.plist; sourceTree = "<group>"; };
		D264E50D21F2EC23000FED84 /* CycleScrollViewOptions.swift */ = {isa = PBXFileReference; fileEncoding = 4; lastKnownFileType = sourcecode.swift; path = CycleScrollViewOptions.swift; sourceTree = "<group>"; };
		D264E50F21F2EC23000FED84 /* CycleCollectionViewCell.swift */ = {isa = PBXFileReference; fileEncoding = 4; lastKnownFileType = sourcecode.swift; path = CycleCollectionViewCell.swift; sourceTree = "<group>"; };
		D264E51021F2EC23000FED84 /* CycleScrollView.swift */ = {isa = PBXFileReference; fileEncoding = 4; lastKnownFileType = sourcecode.swift; path = CycleScrollView.swift; sourceTree = "<group>"; };
		D264E51521F2EC96000FED84 /* UIImageView+Extension.swift */ = {isa = PBXFileReference; fileEncoding = 4; lastKnownFileType = sourcecode.swift; path = "UIImageView+Extension.swift"; sourceTree = "<group>"; };
		D264E51621F2EC96000FED84 /* UIDevice+Extension.swift */ = {isa = PBXFileReference; fileEncoding = 4; lastKnownFileType = sourcecode.swift; path = "UIDevice+Extension.swift"; sourceTree = "<group>"; };
		D264E51721F2EC96000FED84 /* UIColor+Extension.swift */ = {isa = PBXFileReference; fileEncoding = 4; lastKnownFileType = sourcecode.swift; path = "UIColor+Extension.swift"; sourceTree = "<group>"; };
		D264E51821F2EC96000FED84 /* UILabel+Extension.swift */ = {isa = PBXFileReference; fileEncoding = 4; lastKnownFileType = sourcecode.swift; path = "UILabel+Extension.swift"; sourceTree = "<group>"; };
		D264E51921F2EC96000FED84 /* UIButton+Extension.swift */ = {isa = PBXFileReference; fileEncoding = 4; lastKnownFileType = sourcecode.swift; path = "UIButton+Extension.swift"; sourceTree = "<group>"; };
		D264E51A21F2EC96000FED84 /* UIView+Extension.swift */ = {isa = PBXFileReference; fileEncoding = 4; lastKnownFileType = sourcecode.swift; path = "UIView+Extension.swift"; sourceTree = "<group>"; };
		D264E51B21F2EC96000FED84 /* UIImage+Extension.swift */ = {isa = PBXFileReference; fileEncoding = 4; lastKnownFileType = sourcecode.swift; path = "UIImage+Extension.swift"; sourceTree = "<group>"; };
		D264E51D21F2EC96000FED84 /* String+Extension.swift */ = {isa = PBXFileReference; fileEncoding = 4; lastKnownFileType = sourcecode.swift; path = "String+Extension.swift"; sourceTree = "<group>"; };
		D264E51E21F2EC96000FED84 /* UIScrollView+Extension.swift */ = {isa = PBXFileReference; fileEncoding = 4; lastKnownFileType = sourcecode.swift; path = "UIScrollView+Extension.swift"; sourceTree = "<group>"; };
		D264E51F21F2EC96000FED84 /* UITextField+Extension.swift */ = {isa = PBXFileReference; fileEncoding = 4; lastKnownFileType = sourcecode.swift; path = "UITextField+Extension.swift"; sourceTree = "<group>"; };
		D264E52021F2EC96000FED84 /* Array+Extension.swift */ = {isa = PBXFileReference; fileEncoding = 4; lastKnownFileType = sourcecode.swift; path = "Array+Extension.swift"; sourceTree = "<group>"; };
		D264E53621F2FB32000FED84 /* Macros.swift */ = {isa = PBXFileReference; fileEncoding = 4; lastKnownFileType = sourcecode.swift; path = Macros.swift; sourceTree = "<group>"; };
		D264E53821F319B0000FED84 /* Untitled.gif */ = {isa = PBXFileReference; lastKnownFileType = image.gif; path = Untitled.gif; sourceTree = "<group>"; };
/* End PBXFileReference section */

/* Begin PBXFrameworksBuildPhase section */
		D264E4D821F2E5C8000FED84 /* Frameworks */ = {
			isa = PBXFrameworksBuildPhase;
			buildActionMask = 2147483647;
			files = (
				FA8B28D4388B165DD572A681 /* libPods-CycleScrollView.a in Frameworks */,
			);
			runOnlyForDeploymentPostprocessing = 0;
		};
		D264E4EC21F2E5C9000FED84 /* Frameworks */ = {
			isa = PBXFrameworksBuildPhase;
			buildActionMask = 2147483647;
			files = (
			);
			runOnlyForDeploymentPostprocessing = 0;
		};
		D264E4F721F2E5C9000FED84 /* Frameworks */ = {
			isa = PBXFrameworksBuildPhase;
			buildActionMask = 2147483647;
			files = (
			);
			runOnlyForDeploymentPostprocessing = 0;
		};
/* End PBXFrameworksBuildPhase section */

/* Begin PBXGroup section */
		256F51698AC3B585E8FBC9C2 /* Pods */ = {
			isa = PBXGroup;
			children = (
				49444C356A827E75CE6AD784 /* Pods-CycleScrollView.debug.xcconfig */,
				4709F704C01BB33C5F1FE44E /* Pods-CycleScrollView.release.xcconfig */,
			);
			name = Pods;
			sourceTree = "<group>";
		};
		3972468DE134796C5482DECD /* Frameworks */ = {
			isa = PBXGroup;
			children = (
				95D9778FA78768C0A1318753 /* libPods-CycleScrollView.a */,
			);
			name = Frameworks;
			sourceTree = "<group>";
		};
		D264E4D221F2E5C8000FED84 = {
			isa = PBXGroup;
			children = (
				D264E4DD21F2E5C8000FED84 /* CycleScrollView */,
				D264E4F221F2E5C9000FED84 /* CycleScrollViewTests */,
				D264E4FD21F2E5C9000FED84 /* CycleScrollViewUITests */,
				D264E4DC21F2E5C8000FED84 /* Products */,
				256F51698AC3B585E8FBC9C2 /* Pods */,
				3972468DE134796C5482DECD /* Frameworks */,
			);
			sourceTree = "<group>";
		};
		D264E4DC21F2E5C8000FED84 /* Products */ = {
			isa = PBXGroup;
			children = (
				D264E4DB21F2E5C8000FED84 /* CycleScrollView.app */,
				D264E4EF21F2E5C9000FED84 /* CycleScrollViewTests.xctest */,
				D264E4FA21F2E5C9000FED84 /* CycleScrollViewUITests.xctest */,
			);
			name = Products;
			sourceTree = "<group>";
		};
		D264E4DD21F2E5C8000FED84 /* CycleScrollView */ = {
			isa = PBXGroup;
			children = (
				D264E51421F2EC96000FED84 /* Category */,
				D264E50C21F2EC23000FED84 /* CycleScrollView */,
				D264E4DE21F2E5C8000FED84 /* AppDelegate.swift */,
				D264E4E021F2E5C8000FED84 /* ViewController.swift */,
				D264E53621F2FB32000FED84 /* Macros.swift */,
				D264E4E221F2E5C8000FED84 /* Main.storyboard */,
				D264E4E521F2E5C9000FED84 /* Assets.xcassets */,
				D264E4E721F2E5C9000FED84 /* LaunchScreen.storyboard */,
				D264E4EA21F2E5C9000FED84 /* Info.plist */,
			);
			path = CycleScrollView;
			sourceTree = "<group>";
		};
		D264E4F221F2E5C9000FED84 /* CycleScrollViewTests */ = {
			isa = PBXGroup;
			children = (
				D264E4F321F2E5C9000FED84 /* CycleScrollViewTests.swift */,
				D264E4F521F2E5C9000FED84 /* Info.plist */,
			);
			path = CycleScrollViewTests;
			sourceTree = "<group>";
		};
		D264E4FD21F2E5C9000FED84 /* CycleScrollViewUITests */ = {
			isa = PBXGroup;
			children = (
				D264E4FE21F2E5C9000FED84 /* CycleScrollViewUITests.swift */,
				D264E50021F2E5C9000FED84 /* Info.plist */,
			);
			path = CycleScrollViewUITests;
			sourceTree = "<group>";
		};
		D264E50C21F2EC23000FED84 /* CycleScrollView */ = {
			isa = PBXGroup;
			children = (
				D264E50D21F2EC23000FED84 /* CycleScrollViewOptions.swift */,
				D264E50F21F2EC23000FED84 /* CycleCollectionViewCell.swift */,
				D264E51021F2EC23000FED84 /* CycleScrollView.swift */,
				D264E53821F319B0000FED84 /* Untitled.gif */,
			);
			path = CycleScrollView;
			sourceTree = "<group>";
		};
		D264E51421F2EC96000FED84 /* Category */ = {
			isa = PBXGroup;
			children = (
				D264E51521F2EC96000FED84 /* UIImageView+Extension.swift */,
				D264E51621F2EC96000FED84 /* UIDevice+Extension.swift */,
				D264E51721F2EC96000FED84 /* UIColor+Extension.swift */,
				D264E51821F2EC96000FED84 /* UILabel+Extension.swift */,
				D264E51921F2EC96000FED84 /* UIButton+Extension.swift */,
				D264E51A21F2EC96000FED84 /* UIView+Extension.swift */,
				D264E51B21F2EC96000FED84 /* UIImage+Extension.swift */,
				D264E51D21F2EC96000FED84 /* String+Extension.swift */,
				D264E51E21F2EC96000FED84 /* UIScrollView+Extension.swift */,
				D264E51F21F2EC96000FED84 /* UITextField+Extension.swift */,
				D264E52021F2EC96000FED84 /* Array+Extension.swift */,
			);
			path = Category;
			sourceTree = "<group>";
		};
/* End PBXGroup section */

/* Begin PBXNativeTarget section */
		D264E4DA21F2E5C8000FED84 /* CycleScrollView */ = {
			isa = PBXNativeTarget;
			buildConfigurationList = D264E50321F2E5C9000FED84 /* Build configuration list for PBXNativeTarget "CycleScrollView" */;
			buildPhases = (
				9606A0BE798583CFE1B4D794 /* [CP] Check Pods Manifest.lock */,
				D264E4D721F2E5C8000FED84 /* Sources */,
				D264E4D821F2E5C8000FED84 /* Frameworks */,
				D264E4D921F2E5C8000FED84 /* Resources */,
			);
			buildRules = (
			);
			dependencies = (
			);
			name = CycleScrollView;
			productName = CycleScrollView;
			productReference = D264E4DB21F2E5C8000FED84 /* CycleScrollView.app */;
			productType = "com.apple.product-type.application";
		};
		D264E4EE21F2E5C9000FED84 /* CycleScrollViewTests */ = {
			isa = PBXNativeTarget;
			buildConfigurationList = D264E50621F2E5C9000FED84 /* Build configuration list for PBXNativeTarget "CycleScrollViewTests" */;
			buildPhases = (
				D264E4EB21F2E5C9000FED84 /* Sources */,
				D264E4EC21F2E5C9000FED84 /* Frameworks */,
				D264E4ED21F2E5C9000FED84 /* Resources */,
			);
			buildRules = (
			);
			dependencies = (
				D264E4F121F2E5C9000FED84 /* PBXTargetDependency */,
			);
			name = CycleScrollViewTests;
			productName = CycleScrollViewTests;
			productReference = D264E4EF21F2E5C9000FED84 /* CycleScrollViewTests.xctest */;
			productType = "com.apple.product-type.bundle.unit-test";
		};
		D264E4F921F2E5C9000FED84 /* CycleScrollViewUITests */ = {
			isa = PBXNativeTarget;
			buildConfigurationList = D264E50921F2E5C9000FED84 /* Build configuration list for PBXNativeTarget "CycleScrollViewUITests" */;
			buildPhases = (
				D264E4F621F2E5C9000FED84 /* Sources */,
				D264E4F721F2E5C9000FED84 /* Frameworks */,
				D264E4F821F2E5C9000FED84 /* Resources */,
			);
			buildRules = (
			);
			dependencies = (
				D264E4FC21F2E5C9000FED84 /* PBXTargetDependency */,
			);
			name = CycleScrollViewUITests;
			productName = CycleScrollViewUITests;
			productReference = D264E4FA21F2E5C9000FED84 /* CycleScrollViewUITests.xctest */;
			productType = "com.apple.product-type.bundle.ui-testing";
		};
/* End PBXNativeTarget section */

/* Begin PBXProject section */
		D264E4D321F2E5C8000FED84 /* Project object */ = {
			isa = PBXProject;
			attributes = {
				LastSwiftUpdateCheck = 1010;
				LastUpgradeCheck = 1010;
				ORGANIZATIONNAME = "孙立昂";
				TargetAttributes = {
					D264E4DA21F2E5C8000FED84 = {
						CreatedOnToolsVersion = 10.1;
					};
					D264E4EE21F2E5C9000FED84 = {
						CreatedOnToolsVersion = 10.1;
						TestTargetID = D264E4DA21F2E5C8000FED84;
					};
					D264E4F921F2E5C9000FED84 = {
						CreatedOnToolsVersion = 10.1;
						TestTargetID = D264E4DA21F2E5C8000FED84;
					};
				};
			};
			buildConfigurationList = D264E4D621F2E5C8000FED84 /* Build configuration list for PBXProject "CycleScrollView" */;
			compatibilityVersion = "Xcode 9.3";
			developmentRegion = en;
			hasScannedForEncodings = 0;
			knownRegions = (
				en,
				Base,
			);
			mainGroup = D264E4D221F2E5C8000FED84;
			productRefGroup = D264E4DC21F2E5C8000FED84 /* Products */;
			projectDirPath = "";
			projectRoot = "";
			targets = (
				D264E4DA21F2E5C8000FED84 /* CycleScrollView */,
				D264E4EE21F2E5C9000FED84 /* CycleScrollViewTests */,
				D264E4F921F2E5C9000FED84 /* CycleScrollViewUITests */,
			);
		};
/* End PBXProject section */

/* Begin PBXResourcesBuildPhase section */
		D264E4D921F2E5C8000FED84 /* Resources */ = {
			isa = PBXResourcesBuildPhase;
			buildActionMask = 2147483647;
			files = (
				D264E4E921F2E5C9000FED84 /* LaunchScreen.storyboard in Resources */,
				D264E53921F319B0000FED84 /* Untitled.gif in Resources */,
				D264E4E621F2E5C9000FED84 /* Assets.xcassets in Resources */,
				D264E4E421F2E5C8000FED84 /* Main.storyboard in Resources */,
			);
			runOnlyForDeploymentPostprocessing = 0;
		};
		D264E4ED21F2E5C9000FED84 /* Resources */ = {
			isa = PBXResourcesBuildPhase;
			buildActionMask = 2147483647;
			files = (
			);
			runOnlyForDeploymentPostprocessing = 0;
		};
		D264E4F821F2E5C9000FED84 /* Resources */ = {
			isa = PBXResourcesBuildPhase;
			buildActionMask = 2147483647;
			files = (
			);
			runOnlyForDeploymentPostprocessing = 0;
		};
/* End PBXResourcesBuildPhase section */

/* Begin PBXShellScriptBuildPhase section */
		9606A0BE798583CFE1B4D794 /* [CP] Check Pods Manifest.lock */ = {
			isa = PBXShellScriptBuildPhase;
			buildActionMask = 2147483647;
			files = (
			);
			inputFileListPaths = (
			);
			inputPaths = (
				"${PODS_PODFILE_DIR_PATH}/Podfile.lock",
				"${PODS_ROOT}/Manifest.lock",
			);
			name = "[CP] Check Pods Manifest.lock";
			outputFileListPaths = (
			);
			outputPaths = (
				"$(DERIVED_FILE_DIR)/Pods-CycleScrollView-checkManifestLockResult.txt",
			);
			runOnlyForDeploymentPostprocessing = 0;
			shellPath = /bin/sh;
			shellScript = "diff \"${PODS_PODFILE_DIR_PATH}/Podfile.lock\" \"${PODS_ROOT}/Manifest.lock\" > /dev/null\nif [ $? != 0 ] ; then\n    # print error to STDERR\n    echo \"error: The sandbox is not in sync with the Podfile.lock. Run 'pod install' or update your CocoaPods installation.\" >&2\n    exit 1\nfi\n# This output is used by Xcode 'outputs' to avoid re-running this script phase.\necho \"SUCCESS\" > \"${SCRIPT_OUTPUT_FILE_0}\"\n";
			showEnvVarsInLog = 0;
		};
/* End PBXShellScriptBuildPhase section */

/* Begin PBXSourcesBuildPhase section */
		D264E4D721F2E5C8000FED84 /* Sources */ = {
			isa = PBXSourcesBuildPhase;
			buildActionMask = 2147483647;
			files = (
				D264E52621F2EC96000FED84 /* UIView+Extension.swift in Sources */,
				D264E52121F2EC96000FED84 /* UIImageView+Extension.swift in Sources */,
				D264E52221F2EC96000FED84 /* UIDevice+Extension.swift in Sources */,
				D264E52A21F2EC96000FED84 /* UIScrollView+Extension.swift in Sources */,
				D264E53721F2FB32000FED84 /* Macros.swift in Sources */,
				D264E52B21F2EC96000FED84 /* UITextField+Extension.swift in Sources */,
				D264E52721F2EC96000FED84 /* UIImage+Extension.swift in Sources */,
				D264E51121F2EC23000FED84 /* CycleScrollViewOptions.swift in Sources */,
				D264E52521F2EC96000FED84 /* UIButton+Extension.swift in Sources */,
				D264E52C21F2EC96000FED84 /* Array+Extension.swift in Sources */,
				D264E51321F2EC23000FED84 /* CycleScrollView.swift in Sources */,
				D264E52921F2EC96000FED84 /* String+Extension.swift in Sources */,
				D264E4E121F2E5C8000FED84 /* ViewController.swift in Sources */,
				D264E4DF21F2E5C8000FED84 /* AppDelegate.swift in Sources */,
				D264E51221F2EC23000FED84 /* CycleCollectionViewCell.swift in Sources */,
				D264E52321F2EC96000FED84 /* UIColor+Extension.swift in Sources */,
				D264E52421F2EC96000FED84 /* UILabel+Extension.swift in Sources */,
			);
			runOnlyForDeploymentPostprocessing = 0;
		};
		D264E4EB21F2E5C9000FED84 /* Sources */ = {
			isa = PBXSourcesBuildPhase;
			buildActionMask = 2147483647;
			files = (
				D264E4F421F2E5C9000FED84 /* CycleScrollViewTests.swift in Sources */,
			);
			runOnlyForDeploymentPostprocessing = 0;
		};
		D264E4F621F2E5C9000FED84 /* Sources */ = {
			isa = PBXSourcesBuildPhase;
			buildActionMask = 2147483647;
			files = (
				D264E4FF21F2E5C9000FED84 /* CycleScrollViewUITests.swift in Sources */,
			);
			runOnlyForDeploymentPostprocessing = 0;
		};
/* End PBXSourcesBuildPhase section */

/* Begin PBXTargetDependency section */
		D264E4F121F2E5C9000FED84 /* PBXTargetDependency */ = {
			isa = PBXTargetDependency;
			target = D264E4DA21F2E5C8000FED84 /* CycleScrollView */;
			targetProxy = D264E4F021F2E5C9000FED84 /* PBXContainerItemProxy */;
		};
		D264E4FC21F2E5C9000FED84 /* PBXTargetDependency */ = {
			isa = PBXTargetDependency;
			target = D264E4DA21F2E5C8000FED84 /* CycleScrollView */;
			targetProxy = D264E4FB21F2E5C9000FED84 /* PBXContainerItemProxy */;
		};
/* End PBXTargetDependency section */

/* Begin PBXVariantGroup section */
		D264E4E221F2E5C8000FED84 /* Main.storyboard */ = {
			isa = PBXVariantGroup;
			children = (
				D264E4E321F2E5C8000FED84 /* Base */,
			);
			name = Main.storyboard;
			sourceTree = "<group>";
		};
		D264E4E721F2E5C9000FED84 /* LaunchScreen.storyboard */ = {
			isa = PBXVariantGroup;
			children = (
				D264E4E821F2E5C9000FED84 /* Base */,
			);
			name = LaunchScreen.storyboard;
			sourceTree = "<group>";
		};
/* End PBXVariantGroup section */

/* Begin XCBuildConfiguration section */
		D264E50121F2E5C9000FED84 /* Debug */ = {
			isa = XCBuildConfiguration;
			buildSettings = {
				ALWAYS_SEARCH_USER_PATHS = NO;
				CLANG_ANALYZER_NONNULL = YES;
				CLANG_ANALYZER_NUMBER_OBJECT_CONVERSION = YES_AGGRESSIVE;
				CLANG_CXX_LANGUAGE_STANDARD = "gnu++14";
				CLANG_CXX_LIBRARY = "libc++";
				CLANG_ENABLE_MODULES = YES;
				CLANG_ENABLE_OBJC_ARC = YES;
				CLANG_ENABLE_OBJC_WEAK = YES;
				CLANG_WARN_BLOCK_CAPTURE_AUTORELEASING = YES;
				CLANG_WARN_BOOL_CONVERSION = YES;
				CLANG_WARN_COMMA = YES;
				CLANG_WARN_CONSTANT_CONVERSION = YES;
				CLANG_WARN_DEPRECATED_OBJC_IMPLEMENTATIONS = YES;
				CLANG_WARN_DIRECT_OBJC_ISA_USAGE = YES_ERROR;
				CLANG_WARN_DOCUMENTATION_COMMENTS = YES;
				CLANG_WARN_EMPTY_BODY = YES;
				CLANG_WARN_ENUM_CONVERSION = YES;
				CLANG_WARN_INFINITE_RECURSION = YES;
				CLANG_WARN_INT_CONVERSION = YES;
				CLANG_WARN_NON_LITERAL_NULL_CONVERSION = YES;
				CLANG_WARN_OBJC_IMPLICIT_RETAIN_SELF = YES;
				CLANG_WARN_OBJC_LITERAL_CONVERSION = YES;
				CLANG_WARN_OBJC_ROOT_CLASS = YES_ERROR;
				CLANG_WARN_RANGE_LOOP_ANALYSIS = YES;
				CLANG_WARN_STRICT_PROTOTYPES = YES;
				CLANG_WARN_SUSPICIOUS_MOVE = YES;
				CLANG_WARN_UNGUARDED_AVAILABILITY = YES_AGGRESSIVE;
				CLANG_WARN_UNREACHABLE_CODE = YES;
				CLANG_WARN__DUPLICATE_METHOD_MATCH = YES;
				CODE_SIGN_IDENTITY = "iPhone Developer";
				COPY_PHASE_STRIP = NO;
				DEBUG_INFORMATION_FORMAT = dwarf;
				ENABLE_STRICT_OBJC_MSGSEND = YES;
				ENABLE_TESTABILITY = YES;
				GCC_C_LANGUAGE_STANDARD = gnu11;
				GCC_DYNAMIC_NO_PIC = NO;
				GCC_NO_COMMON_BLOCKS = YES;
				GCC_OPTIMIZATION_LEVEL = 0;
				GCC_PREPROCESSOR_DEFINITIONS = (
					"DEBUG=1",
					"$(inherited)",
				);
				GCC_WARN_64_TO_32_BIT_CONVERSION = YES;
				GCC_WARN_ABOUT_RETURN_TYPE = YES_ERROR;
				GCC_WARN_UNDECLARED_SELECTOR = YES;
				GCC_WARN_UNINITIALIZED_AUTOS = YES_AGGRESSIVE;
				GCC_WARN_UNUSED_FUNCTION = YES;
				GCC_WARN_UNUSED_VARIABLE = YES;
				IPHONEOS_DEPLOYMENT_TARGET = 12.1;
				MTL_ENABLE_DEBUG_INFO = INCLUDE_SOURCE;
				MTL_FAST_MATH = YES;
				ONLY_ACTIVE_ARCH = YES;
				SDKROOT = iphoneos;
				SWIFT_ACTIVE_COMPILATION_CONDITIONS = DEBUG;
				SWIFT_OPTIMIZATION_LEVEL = "-Onone";
			};
			name = Debug;
		};
		D264E50221F2E5C9000FED84 /* Release */ = {
			isa = XCBuildConfiguration;
			buildSettings = {
				ALWAYS_SEARCH_USER_PATHS = NO;
				CLANG_ANALYZER_NONNULL = YES;
				CLANG_ANALYZER_NUMBER_OBJECT_CONVERSION = YES_AGGRESSIVE;
				CLANG_CXX_LANGUAGE_STANDARD = "gnu++14";
				CLANG_CXX_LIBRARY = "libc++";
				CLANG_ENABLE_MODULES = YES;
				CLANG_ENABLE_OBJC_ARC = YES;
				CLANG_ENABLE_OBJC_WEAK = YES;
				CLANG_WARN_BLOCK_CAPTURE_AUTORELEASING = YES;
				CLANG_WARN_BOOL_CONVERSION = YES;
				CLANG_WARN_COMMA = YES;
				CLANG_WARN_CONSTANT_CONVERSION = YES;
				CLANG_WARN_DEPRECATED_OBJC_IMPLEMENTATIONS = YES;
				CLANG_WARN_DIRECT_OBJC_ISA_USAGE = YES_ERROR;
				CLANG_WARN_DOCUMENTATION_COMMENTS = YES;
				CLANG_WARN_EMPTY_BODY = YES;
				CLANG_WARN_ENUM_CONVERSION = YES;
				CLANG_WARN_INFINITE_RECURSION = YES;
				CLANG_WARN_INT_CONVERSION = YES;
				CLANG_WARN_NON_LITERAL_NULL_CONVERSION = YES;
				CLANG_WARN_OBJC_IMPLICIT_RETAIN_SELF = YES;
				CLANG_WARN_OBJC_LITERAL_CONVERSION = YES;
				CLANG_WARN_OBJC_ROOT_CLASS = YES_ERROR;
				CLANG_WARN_RANGE_LOOP_ANALYSIS = YES;
				CLANG_WARN_STRICT_PROTOTYPES = YES;
				CLANG_WARN_SUSPICIOUS_MOVE = YES;
				CLANG_WARN_UNGUARDED_AVAILABILITY = YES_AGGRESSIVE;
				CLANG_WARN_UNREACHABLE_CODE = YES;
				CLANG_WARN__DUPLICATE_METHOD_MATCH = YES;
				CODE_SIGN_IDENTITY = "iPhone Developer";
				COPY_PHASE_STRIP = NO;
				DEBUG_INFORMATION_FORMAT = "dwarf-with-dsym";
				ENABLE_NS_ASSERTIONS = NO;
				ENABLE_STRICT_OBJC_MSGSEND = YES;
				GCC_C_LANGUAGE_STANDARD = gnu11;
				GCC_NO_COMMON_BLOCKS = YES;
				GCC_WARN_64_TO_32_BIT_CONVERSION = YES;
				GCC_WARN_ABOUT_RETURN_TYPE = YES_ERROR;
				GCC_WARN_UNDECLARED_SELECTOR = YES;
				GCC_WARN_UNINITIALIZED_AUTOS = YES_AGGRESSIVE;
				GCC_WARN_UNUSED_FUNCTION = YES;
				GCC_WARN_UNUSED_VARIABLE = YES;
				IPHONEOS_DEPLOYMENT_TARGET = 12.1;
				MTL_ENABLE_DEBUG_INFO = NO;
				MTL_FAST_MATH = YES;
				SDKROOT = iphoneos;
				SWIFT_COMPILATION_MODE = wholemodule;
				SWIFT_OPTIMIZATION_LEVEL = "-O";
				VALIDATE_PRODUCT = YES;
			};
			name = Release;
		};
		D264E50421F2E5C9000FED84 /* Debug */ = {
			isa = XCBuildConfiguration;
			baseConfigurationReference = 49444C356A827E75CE6AD784 /* Pods-CycleScrollView.debug.xcconfig */;
			buildSettings = {
				ASSETCATALOG_COMPILER_APPICON_NAME = AppIcon;
				CODE_SIGN_STYLE = Automatic;
				INFOPLIST_FILE = CycleScrollView/Info.plist;
				LD_RUNPATH_SEARCH_PATHS = (
					"$(inherited)",
					"@executable_path/Frameworks",
				);
				PRODUCT_BUNDLE_IDENTIFIER = "---.CycleScrollView";
				PRODUCT_NAME = "$(TARGET_NAME)";
				SWIFT_VERSION = 4.2;
				TARGETED_DEVICE_FAMILY = "1,2";
			};
			name = Debug;
		};
		D264E50521F2E5C9000FED84 /* Release */ = {
			isa = XCBuildConfiguration;
			baseConfigurationReference = 4709F704C01BB33C5F1FE44E /* Pods-CycleScrollView.release.xcconfig */;
			buildSettings = {
				ASSETCATALOG_COMPILER_APPICON_NAME = AppIcon;
				CODE_SIGN_STYLE = Automatic;
				INFOPLIST_FILE = CycleScrollView/Info.plist;
				LD_RUNPATH_SEARCH_PATHS = (
					"$(inherited)",
					"@executable_path/Frameworks",
				);
				PRODUCT_BUNDLE_IDENTIFIER = "---.CycleScrollView";
				PRODUCT_NAME = "$(TARGET_NAME)";
				SWIFT_VERSION = 4.2;
				TARGETED_DEVICE_FAMILY = "1,2";
			};
			name = Release;
		};
		D264E50721F2E5C9000FED84 /* Debug */ = {
			isa = XCBuildConfiguration;
			buildSettings = {
				ALWAYS_EMBED_SWIFT_STANDARD_LIBRARIES = YES;
				BUNDLE_LOADER = "$(TEST_HOST)";
				CODE_SIGN_STYLE = Automatic;
				INFOPLIST_FILE = CycleScrollViewTests/Info.plist;
				LD_RUNPATH_SEARCH_PATHS = (
					"$(inherited)",
					"@executable_path/Frameworks",
					"@loader_path/Frameworks",
				);
				PRODUCT_BUNDLE_IDENTIFIER = "---.CycleScrollViewTests";
				PRODUCT_NAME = "$(TARGET_NAME)";
				SWIFT_VERSION = 4.2;
				TARGETED_DEVICE_FAMILY = "1,2";
				TEST_HOST = "$(BUILT_PRODUCTS_DIR)/CycleScrollView.app/CycleScrollView";
			};
			name = Debug;
		};
		D264E50821F2E5C9000FED84 /* Release */ = {
			isa = XCBuildConfiguration;
			buildSettings = {
				ALWAYS_EMBED_SWIFT_STANDARD_LIBRARIES = YES;
				BUNDLE_LOADER = "$(TEST_HOST)";
				CODE_SIGN_STYLE = Automatic;
				INFOPLIST_FILE = CycleScrollViewTests/Info.plist;
				LD_RUNPATH_SEARCH_PATHS = (
					"$(inherited)",
					"@executable_path/Frameworks",
					"@loader_path/Frameworks",
				);
				PRODUCT_BUNDLE_IDENTIFIER = "---.CycleScrollViewTests";
				PRODUCT_NAME = "$(TARGET_NAME)";
				SWIFT_VERSION = 4.2;
				TARGETED_DEVICE_FAMILY = "1,2";
				TEST_HOST = "$(BUILT_PRODUCTS_DIR)/CycleScrollView.app/CycleScrollView";
			};
			name = Release;
		};
		D264E50A21F2E5C9000FED84 /* Debug */ = {
			isa = XCBuildConfiguration;
			buildSettings = {
				ALWAYS_EMBED_SWIFT_STANDARD_LIBRARIES = YES;
				CODE_SIGN_STYLE = Automatic;
				INFOPLIST_FILE = CycleScrollViewUITests/Info.plist;
				LD_RUNPATH_SEARCH_PATHS = (
					"$(inherited)",
					"@executable_path/Frameworks",
					"@loader_path/Frameworks",
				);
				PRODUCT_BUNDLE_IDENTIFIER = "---.CycleScrollViewUITests";
				PRODUCT_NAME = "$(TARGET_NAME)";
				SWIFT_VERSION = 4.2;
				TARGETED_DEVICE_FAMILY = "1,2";
				TEST_TARGET_NAME = CycleScrollView;
			};
			name = Debug;
		};
		D264E50B21F2E5C9000FED84 /* Release */ = {
			isa = XCBuildConfiguration;
			buildSettings = {
				ALWAYS_EMBED_SWIFT_STANDARD_LIBRARIES = YES;
				CODE_SIGN_STYLE = Automatic;
				INFOPLIST_FILE = CycleScrollViewUITests/Info.plist;
				LD_RUNPATH_SEARCH_PATHS = (
					"$(inherited)",
					"@executable_path/Frameworks",
					"@loader_path/Frameworks",
				);
				PRODUCT_BUNDLE_IDENTIFIER = "---.CycleScrollViewUITests";
				PRODUCT_NAME = "$(TARGET_NAME)";
				SWIFT_VERSION = 4.2;
				TARGETED_DEVICE_FAMILY = "1,2";
				TEST_TARGET_NAME = CycleScrollView;
			};
			name = Release;
		};
/* End XCBuildConfiguration section */

/* Begin XCConfigurationList section */
		D264E4D621F2E5C8000FED84 /* Build configuration list for PBXProject "CycleScrollView" */ = {
			isa = XCConfigurationList;
			buildConfigurations = (
				D264E50121F2E5C9000FED84 /* Debug */,
				D264E50221F2E5C9000FED84 /* Release */,
			);
			defaultConfigurationIsVisible = 0;
			defaultConfigurationName = Release;
		};
		D264E50321F2E5C9000FED84 /* Build configuration list for PBXNativeTarget "CycleScrollView" */ = {
			isa = XCConfigurationList;
			buildConfigurations = (
				D264E50421F2E5C9000FED84 /* Debug */,
				D264E50521F2E5C9000FED84 /* Release */,
			);
			defaultConfigurationIsVisible = 0;
			defaultConfigurationName = Release;
		};
		D264E50621F2E5C9000FED84 /* Build configuration list for PBXNativeTarget "CycleScrollViewTests" */ = {
			isa = XCConfigurationList;
			buildConfigurations = (
				D264E50721F2E5C9000FED84 /* Debug */,
				D264E50821F2E5C9000FED84 /* Release */,
			);
			defaultConfigurationIsVisible = 0;
			defaultConfigurationName = Release;
		};
		D264E50921F2E5C9000FED84 /* Build configuration list for PBXNativeTarget "CycleScrollViewUITests" */ = {
			isa = XCConfigurationList;
			buildConfigurations = (
				D264E50A21F2E5C9000FED84 /* Debug */,
				D264E50B21F2E5C9000FED84 /* Release */,
			);
			defaultConfigurationIsVisible = 0;
			defaultConfigurationName = Release;
		};
/* End XCConfigurationList section */
	};
	rootObject = D264E4D321F2E5C8000FED84 /* Project object */;
}
